{
  "nodes": {
    "calendar": {
      "inputs": {
        "flake-utils": [
          "flake-utils"
        ],
        "nixpkgs": [
          "nixpkgs"
        ]
      },
      "locked": {
        "lastModified": 1750239295,
        "narHash": "sha256-TsGYuC85o1sQOjDUu+5PEwJDRuH2GRHcaVb8zm9is3Y=",
        "owner": "mow44",
        "repo": "calendar",
        "rev": "92f70496f236137c8f2c702274cfdf5b0a00acf6",
        "type": "github"
      },
      "original": {
        "owner": "mow44",
        "ref": "main",
        "repo": "calendar",
        "type": "github"
      }
    },
    "catclock": {
      "inputs": {
        "flake-utils": [
          "flake-utils"
        ],
        "nixpkgs": [
          "nixpkgs"
        ]
      },
      "locked": {
        "lastModified": 1750239573,
        "narHash": "sha256-DSQ3mCOWwTIxzAaau+OTf8fJfH/rx75JCFIxkZXX3Ng=",
        "owner": "mow44",
        "repo": "catclock",
        "rev": "8335ae8b32b16622d3433816501711d7cf6b8fa1",
        "type": "github"
      },
      "original": {
        "owner": "mow44",
        "ref": "main",
        "repo": "catclock",
        "type": "github"
      }
    },
    "dexe": {
      "inputs": {
        "flake-utils": [
          "flake-utils"
        ],
        "nixpkgs": [
          "nixpkgs"
        ]
      },
      "locked": {
        "lastModified": 1750240266,
        "narHash": "sha256-j/Aj7CPgdx2zFHdWR1Bz7fMlNiMmYQGaxkfGKeMabL0=",
        "owner": "mow44",
        "repo": "dexe",
        "rev": "948d2f78f7f8e402558fa8d5a32d90eab778cf2b",
        "type": "github"
      },
      "original": {
        "owner": "mow44",
        "ref": "main",
        "repo": "dexe",
        "type": "github"
      }
    },
    "dmenu": {
      "inputs": {
        "flake-utils": [
          "flake-utils"
        ],
        "nixpkgs": [
          "nixpkgs"
        ]
      },
      "locked": {
        "lastModified": 1752144361,
        "narHash": "sha256-uxRA0dGsrhWHiCfpCSb/PYop3wQaV4gHXTvfvi2CT+w=",
        "owner": "mow44",
        "repo": "dmenu",
        "rev": "44338363feb185f512fceee9fe6832f9c8f1da35",
        "type": "github"
      },
      "original": {
        "owner": "mow44",
        "ref": "main",
        "repo": "dmenu",
        "type": "github"
      }
    },
    "donsol": {
      "inputs": {
        "flake-utils": [
          "flake-utils"
        ],
        "nixpkgs": [
          "nixpkgs"
        ]
      },
      "locked": {
        "lastModified": 1750240568,
        "narHash": "sha256-A3ndnKc/XsBCV0Yhe8CwLq25tRMLdJa2SqAHe3+y6ac=",
        "owner": "mow44",
        "repo": "donsol",
        "rev": "b0eb16595d1558faa5d87f1086172b6dc3d026e2",
        "type": "github"
      },
      "original": {
        "owner": "mow44",
        "ref": "main",
        "repo": "donsol",
        "type": "github"
      }
    },
    "dwm": {
      "inputs": {
        "dmenu": [
          "dmenu"
        ],
        "flake-utils": [
          "flake-utils"
        ],
        "nixpkgs": [
          "nixpkgs"
        ],
        "scripts": [
          "scripts"
        ]
      },
      "locked": {
        "lastModified": 1752144289,
        "narHash": "sha256-2KsLHd0U9z1prkoIarNYvDdFsdxPyrtVdYmO+Lni7aU=",
        "owner": "mow44",
        "repo": "dwm",
        "rev": "36b4f4fbba259eea482bb3dfdd3892016ae4c7af",
        "type": "github"
      },
      "original": {
        "owner": "mow44",
        "ref": "main",
        "repo": "dwm",
        "type": "github"
      }
    },
    "flake-utils": {
      "inputs": {
        "systems": "systems"
      },
      "locked": {
        "lastModified": 1731533236,
        "narHash": "sha256-l0KFg5HjrsfsO/JpG+r7fRrqm12kzFHyUHqHCVpMMbI=",
        "owner": "numtide",
        "repo": "flake-utils",
        "rev": "11707dc2f618dd54ca8739b309ec4fc024de578b",
        "type": "github"
      },
      "original": {
        "owner": "numtide",
        "repo": "flake-utils",
        "type": "github"
      }
    },
    "helix": {
      "inputs": {
        "nixpkgs": [
          "nixpkgs"
        ],
        "rust-overlay": "rust-overlay"
      },
      "locked": {
        "lastModified": 1757808801,
        "narHash": "sha256-zO9GpYkIfr+WpzOUrMLqEtzR0CRyr4mA5EVnMCe7dQE=",
        "owner": "helix-editor",
        "repo": "helix",
        "rev": "2d7436fc207994fab8130243da61314167a30d7a",
        "type": "github"
      },
      "original": {
        "owner": "helix-editor",
        "ref": "master",
        "repo": "helix",
        "type": "github"
      }
    },
    "home": {
      "inputs": {
        "flake-utils": [
          "flake-utils"
        ],
        "helix": [
          "helix"
        ],
        "home-manager": [
          "home-manager"
        ],
        "nixpkgs": [
          "nixpkgs"
        ],
        "scripts": [
          "scripts"
        ],
        "slstatus": [
          "slstatus"
        ]
      },
      "locked": {
        "lastModified": 1760902826,
        "narHash": "sha256-dOdwUGdB9eKD4DZh3tzj9PbOzSq3G8vGx3PmgCRMdUo=",
        "owner": "mow44",
        "repo": "home",
        "rev": "d9a3fb4e5d1fc4ea16526f51a8cfff167d41d4ef",
        "type": "github"
      },
      "original": {
        "owner": "mow44",
        "ref": "main",
        "repo": "home",
        "type": "github"
      }
    },
    "home-manager": {
      "inputs": {
        "nixpkgs": [
          "nixpkgs"
        ]
      },
      "locked": {
        "lastModified": 1758463745,
        "narHash": "sha256-uhzsV0Q0I9j2y/rfweWeGif5AWe0MGrgZ/3TjpDYdGA=",
        "owner": "nix-community",
        "repo": "home-manager",
        "rev": "3b955f5f0a942f9f60cdc9cacb7844335d0f21c3",
        "type": "github"
      },
      "original": {
        "owner": "nix-community",
        "ref": "release-25.05",
        "repo": "home-manager",
        "type": "github"
      }
    },
    "import-cargo": {
      "locked": {
        "lastModified": 1594305518,
        "narHash": "sha256-frtArgN42rSaEcEOYWg8sVPMUK+Zgch3c+wejcpX3DY=",
        "owner": "edolstra",
        "repo": "import-cargo",
        "rev": "25d40be4a73d40a2572e0cc233b83253554f06c5",
        "type": "github"
      },
      "original": {
        "owner": "edolstra",
        "repo": "import-cargo",
        "type": "github"
      }
    },
    "locker": {
      "inputs": {
        "flake-utils": [
          "flake-utils"
        ],
        "import-cargo": "import-cargo",
        "nixpkgs": [
          "nixpkgs"
        ]
      },
      "locked": {
        "lastModified": 1755961973,
        "narHash": "sha256-ZxmEy1tJ807RF3w6T4mppliP7hWUGxM9KJG/eWWZ+D0=",
        "owner": "mow44",
        "repo": "locker",
        "rev": "4aa4f52f4f9231ab96ce66f4d74d3e059df61b45",
        "type": "github"
      },
      "original": {
        "owner": "mow44",
        "ref": "main",
        "repo": "locker",
        "type": "github"
      }
    },
    "nixpkgs": {
      "locked": {
        "lastModified": 1760423683,
        "narHash": "sha256-Tb+NYuJhWZieDZUxN6PgglB16yuqBYQeMJyYBGCXlt8=",
        "owner": "NixOS",
        "repo": "nixpkgs",
        "rev": "a493e93b4a259cd9fea8073f89a7ed9b1c5a1da2",
        "type": "github"
      },
      "original": {
        "owner": "NixOS",
        "ref": "nixos-25.05",
        "repo": "nixpkgs",
        "type": "github"
      }
    },
    "noodle": {
      "inputs": {
        "flake-utils": [
          "flake-utils"
        ],
        "nixpkgs": [
          "nixpkgs"
        ]
      },
      "locked": {
        "lastModified": 1750240704,
        "narHash": "sha256-EqdUFltzfXPFW95lKxjKENJ3YmEAVDXpxHua6ztYNjQ=",
        "owner": "mow44",
        "repo": "noodle",
        "rev": "cb7f1df5488b753b3b3164d05eece082274e6e00",
        "type": "github"
      },
      "original": {
        "owner": "mow44",
        "ref": "main",
        "repo": "noodle",
        "type": "github"
      }
    },
    "root": {
      "inputs": {
        "calendar": "calendar",
        "catclock": "catclock",
        "dexe": "dexe",
        "dmenu": "dmenu",
        "donsol": "donsol",
        "dwm": "dwm",
        "flake-utils": "flake-utils",
        "helix": "helix",
        "home": "home",
        "home-manager": "home-manager",
        "locker": "locker",
        "nixpkgs": "nixpkgs",
        "noodle": "noodle",
        "scripts": "scripts",
        "slock": "slock",
        "slstatus": "slstatus",
        "uxn11": "uxn11",
        "wallpapers": "wallpapers"
      }
    },
    "rust-overlay": {
      "inputs": {
        "nixpkgs": [
          "helix",
          "nixpkgs"
        ]
      },
      "locked": {
        "lastModified": 1740623427,
        "narHash": "sha256-3SdPQrZoa4odlScFDUHd4CUPQ/R1gtH4Mq9u8CBiK8M=",
        "owner": "oxalica",
        "repo": "rust-overlay",
        "rev": "d342e8b5fd88421ff982f383c853f0fc78a847ab",
        "type": "github"
      },
      "original": {
        "owner": "oxalica",
        "repo": "rust-overlay",
        "type": "github"
      }
    },
    "scripts": {
      "inputs": {
        "calendar": [
          "calendar"
        ],
        "catclock": [
          "catclock"
        ],
        "dexe": [
          "dexe"
        ],
        "dmenu": [
          "dmenu"
        ],
        "donsol": [
          "donsol"
        ],
        "flake-utils": [
          "flake-utils"
        ],
        "locker": [
          "locker"
        ],
        "nixpkgs": [
          "nixpkgs"
        ],
        "noodle": [
          "noodle"
        ],
        "uxn11": [
          "uxn11"
        ],
        "wallpapers": [
          "wallpapers"
        ]
      },
      "locked": {
        "lastModified": 1751188502,
        "narHash": "sha256-tqqUuGPwClMk2BoABRFyUJSbQP5m0YydrSehazQZ32A=",
        "owner": "mow44",
        "repo": "scripts",
        "rev": "1c12b0150da52c2061fc1094347ed245f84ec5b4",
        "type": "github"
      },
      "original": {
        "owner": "mow44",
        "ref": "main",
        "repo": "scripts",
        "type": "github"
      }
    },
    "slock": {
      "inputs": {
        "flake-utils": [
          "flake-utils"
        ],
        "nixpkgs": [
          "nixpkgs"
        ]
      },
      "locked": {
        "lastModified": 1751110429,
        "narHash": "sha256-e9AY0fas6IwVQ4ZRIIXR9gVtjs7EROlUZrgS1VXgb6A=",
        "owner": "mow44",
        "repo": "slock",
        "rev": "1ec441082b2dd2bc3e9c12e1977753fff43755a8",
        "type": "github"
      },
      "original": {
        "owner": "mow44",
        "ref": "main",
        "repo": "slock",
        "type": "github"
      }
    },
    "slstatus": {
      "inputs": {
        "flake-utils": [
          "flake-utils"
        ],
        "nixpkgs": [
          "nixpkgs"
        ]
      },
      "locked": {
        "lastModified": 1751111034,
        "narHash": "sha256-rJZiE2Geyz0mTdy/fN3Rx6qC1/LSolA8nwzvhG2wei8=",
        "owner": "mow44",
        "repo": "slstatus",
        "rev": "10f7fd99e73ef6d66648c8abb824de0413466e98",
        "type": "github"
      },
      "original": {
        "owner": "mow44",
        "ref": "main",
        "repo": "slstatus",
        "type": "github"
      }
    },
    "systems": {
      "locked": {
        "lastModified": 1681028828,
        "narHash": "sha256-Vy1rq5AaRuLzOxct8nz4T6wlgyUR7zLU309k9mBC768=",
        "owner": "nix-systems",
        "repo": "default",
        "rev": "da67096a3b9bf56a91d16901293e51ba5b49a27e",
        "type": "github"
      },
      "original": {
        "owner": "nix-systems",
        "repo": "default",
        "type": "github"
      }
    },
    "uxn11": {
      "inputs": {
        "flake-utils": [
          "flake-utils"
        ],
        "nixpkgs": [
          "nixpkgs"
        ]
      },
      "locked": {
        "lastModified": 1750150715,
        "narHash": "sha256-sYM7qpX4+/Zh15XvSKDhizz685YMGGhT3tsTEAKhWWY=",
        "owner": "mow44",
        "repo": "uxn11",
        "rev": "5f5a53504335649d544884bf9898fb8dd0d5fc70",
        "type": "github"
      },
      "original": {
        "owner": "mow44",
        "ref": "main",
        "repo": "uxn11",
        "type": "github"
      }
    },
    "wallpapers": {
      "inputs": {
        "flake-utils": [
          "flake-utils"
        ],
        "nixpkgs": [
          "nixpkgs"
        ]
      },
      "locked": {
        "lastModified": 1757827824,
        "narHash": "sha256-6VALgPvOtfZ4OLfu13DB3KY3kj5+aBJ+4S6blCgtr4M=",
        "owner": "mow44",
        "repo": "wallpapers",
        "rev": "fdbc45bba4d0974c8fda2c05958ba2082d3b0f02",
        "type": "github"
      },
      "original": {
        "owner": "mow44",
        "ref": "main",
        "repo": "wallpapers",
        "type": "github"
      }
    }
  },
  "root": "root",
  "version": 7
}
