{
  "nodes": {
    "calendar": {
      "inputs": {
        "flake-utils": [
          "flake-utils"
        ],
        "nixpkgs": [
          "nixpkgs"
        ]
      },
      "locked": {
        "lastModified": 1750239295,
        "narHash": "sha256-TsGYuC85o1sQOjDUu+5PEwJDRuH2GRHcaVb8zm9is3Y=",
        "owner": "mow44",
        "repo": "calendar",
        "rev": "92f70496f236137c8f2c702274cfdf5b0a00acf6",
        "type": "github"
      },
      "original": {
        "owner": "mow44",
        "ref": "main",
        "repo": "calendar",
        "type": "github"
      }
    },
    "catclock": {
      "inputs": {
        "flake-utils": [
          "flake-utils"
        ],
        "nixpkgs": [
          "nixpkgs"
        ]
      },
      "locked": {
        "lastModified": 1750239573,
        "narHash": "sha256-DSQ3mCOWwTIxzAaau+OTf8fJfH/rx75JCFIxkZXX3Ng=",
        "owner": "mow44",
        "repo": "catclock",
        "rev": "8335ae8b32b16622d3433816501711d7cf6b8fa1",
        "type": "github"
      },
      "original": {
        "owner": "mow44",
        "ref": "main",
        "repo": "catclock",
        "type": "github"
      }
    },
    "dexe": {
      "inputs": {
        "flake-utils": [
          "flake-utils"
        ],
        "nixpkgs": [
          "nixpkgs"
        ]
      },
      "locked": {
        "lastModified": 1750240266,
        "narHash": "sha256-j/Aj7CPgdx2zFHdWR1Bz7fMlNiMmYQGaxkfGKeMabL0=",
        "owner": "mow44",
        "repo": "dexe",
        "rev": "948d2f78f7f8e402558fa8d5a32d90eab778cf2b",
        "type": "github"
      },
      "original": {
        "owner": "mow44",
        "ref": "main",
        "repo": "dexe",
        "type": "github"
      }
    },
    "dmenu": {
      "inputs": {
        "nixpkgs": [
          "nixpkgs"
        ]
      },
      "locked": {
        "lastModified": 1748011482,
        "narHash": "sha256-l1MCComVQURjTeZAfsxPOlU8spXGV7UTqA0kKwaSM14=",
        "owner": "mow44",
        "repo": "dmenu",
        "rev": "d33926ef1e487a6d07e694198fd74029d2e6e02e",
        "type": "github"
      },
      "original": {
        "owner": "mow44",
        "ref": "main",
        "repo": "dmenu",
        "type": "github"
      }
    },
    "donsol": {
      "inputs": {
        "flake-utils": [
          "flake-utils"
        ],
        "nixpkgs": [
          "nixpkgs"
        ]
      },
      "locked": {
        "lastModified": 1750240568,
        "narHash": "sha256-A3ndnKc/XsBCV0Yhe8CwLq25tRMLdJa2SqAHe3+y6ac=",
        "owner": "mow44",
        "repo": "donsol",
        "rev": "b0eb16595d1558faa5d87f1086172b6dc3d026e2",
        "type": "github"
      },
      "original": {
        "owner": "mow44",
        "ref": "main",
        "repo": "donsol",
        "type": "github"
      }
    },
    "dwm": {
      "inputs": {
        "dmenu": [
          "dmenu"
        ],
        "flake-utils": [
          "flake-utils"
        ],
        "nixpkgs": [
          "nixpkgs"
        ],
        "scripts": [
          "scripts"
        ]
      },
      "locked": {
        "lastModified": 1750153877,
        "narHash": "sha256-RD4ktPlYfthsUSsokzF3Fv7vQLsiRquEYx9dBKbbhQA=",
        "owner": "mow44",
        "repo": "dwm",
        "rev": "2dc22403770bbe20170b7a8c5e04611e7dca3aa3",
        "type": "github"
      },
      "original": {
        "owner": "mow44",
        "ref": "main",
        "repo": "dwm",
        "type": "github"
      }
    },
    "flake-utils": {
      "inputs": {
        "systems": "systems"
      },
      "locked": {
        "lastModified": 1731533236,
        "narHash": "sha256-l0KFg5HjrsfsO/JpG+r7fRrqm12kzFHyUHqHCVpMMbI=",
        "owner": "numtide",
        "repo": "flake-utils",
        "rev": "11707dc2f618dd54ca8739b309ec4fc024de578b",
        "type": "github"
      },
      "original": {
        "owner": "numtide",
        "repo": "flake-utils",
        "type": "github"
      }
    },
    "helix": {
      "inputs": {
        "nixpkgs": [
          "nixpkgs"
        ],
        "rust-overlay": "rust-overlay"
      },
      "locked": {
        "lastModified": 1750169866,
        "narHash": "sha256-3gCFhONErZ13S0ixwLaQ4cfgaIOXOUHH2g/yzt3ZFg8=",
        "owner": "helix-editor",
        "repo": "helix",
        "rev": "1491cbc8f3694e52a565d192eaef1a7bf200d33f",
        "type": "github"
      },
      "original": {
        "owner": "helix-editor",
        "ref": "master",
        "repo": "helix",
        "type": "github"
      }
    },
    "home": {
      "inputs": {
        "helix": [
          "helix"
        ],
        "home-manager": [
          "home-manager"
        ],
        "nixpkgs": [
          "nixpkgs"
        ],
        "slstatus": [
          "slstatus"
        ]
      },
      "locked": {
        "lastModified": 1750230820,
        "narHash": "sha256-97dDkC+uw/F/CJpdk1UOUVyUU0+5LRKOEVH25m4jNl8=",
        "owner": "mow44",
        "repo": "home",
        "rev": "0177b17a9d7ecb1fc6719ce4c95b2a7b9c15ab34",
        "type": "github"
      },
      "original": {
        "owner": "mow44",
        "ref": "main",
        "repo": "home",
        "type": "github"
      }
    },
    "home-manager": {
      "inputs": {
        "nixpkgs": [
          "nixpkgs"
        ]
      },
      "locked": {
        "lastModified": 1749154018,
        "narHash": "sha256-gjN3j7joRvT3a8Zgcylnd4NFsnXeDBumqiu4HmY1RIg=",
        "owner": "nix-community",
        "repo": "home-manager",
        "rev": "7aae0ee71a17b19708b93b3ed448a1a0952bf111",
        "type": "github"
      },
      "original": {
        "owner": "nix-community",
        "ref": "release-25.05",
        "repo": "home-manager",
        "type": "github"
      }
    },
    "nixpkgs": {
      "locked": {
        "lastModified": 1750133334,
        "narHash": "sha256-urV51uWH7fVnhIvsZIELIYalMYsyr2FCalvlRTzqWRw=",
        "owner": "NixOS",
        "repo": "nixpkgs",
        "rev": "36ab78dab7da2e4e27911007033713bab534187b",
        "type": "github"
      },
      "original": {
        "owner": "NixOS",
        "ref": "nixos-25.05",
        "repo": "nixpkgs",
        "type": "github"
      }
    },
    "noodle": {
      "inputs": {
        "flake-utils": [
          "flake-utils"
        ],
        "nixpkgs": [
          "nixpkgs"
        ]
      },
      "locked": {
        "lastModified": 1750240704,
        "narHash": "sha256-EqdUFltzfXPFW95lKxjKENJ3YmEAVDXpxHua6ztYNjQ=",
        "owner": "mow44",
        "repo": "noodle",
        "rev": "cb7f1df5488b753b3b3164d05eece082274e6e00",
        "type": "github"
      },
      "original": {
        "owner": "mow44",
        "ref": "main",
        "repo": "noodle",
        "type": "github"
      }
    },
    "root": {
      "inputs": {
        "calendar": "calendar",
        "catclock": "catclock",
        "dexe": "dexe",
        "dmenu": "dmenu",
        "donsol": "donsol",
        "dwm": "dwm",
        "flake-utils": "flake-utils",
        "helix": "helix",
        "home": "home",
        "home-manager": "home-manager",
        "nixpkgs": "nixpkgs",
        "noodle": "noodle",
        "scripts": "scripts",
        "slock": "slock",
        "slstatus": "slstatus",
        "uxn11": "uxn11"
      }
    },
    "rust-overlay": {
      "inputs": {
        "nixpkgs": [
          "helix",
          "nixpkgs"
        ]
      },
      "locked": {
        "lastModified": 1740623427,
        "narHash": "sha256-3SdPQrZoa4odlScFDUHd4CUPQ/R1gtH4Mq9u8CBiK8M=",
        "owner": "oxalica",
        "repo": "rust-overlay",
        "rev": "d342e8b5fd88421ff982f383c853f0fc78a847ab",
        "type": "github"
      },
      "original": {
        "owner": "oxalica",
        "repo": "rust-overlay",
        "type": "github"
      }
    },
    "scripts": {
      "inputs": {
        "calendar": [
          "calendar"
        ],
        "catclock": [
          "catclock"
        ],
        "dexe": [
          "dexe"
        ],
        "dmenu": [
          "dmenu"
        ],
        "donsol": [
          "donsol"
        ],
        "flake-utils": [
          "flake-utils"
        ],
        "nixpkgs": [
          "nixpkgs"
        ],
        "noodle": [
          "noodle"
        ],
        "uxn11": [
          "uxn11"
        ]
      },
      "locked": {
        "lastModified": 1750241679,
        "narHash": "sha256-vk1hfqk385vvAU1UmBe58ANwlSEglxGr4H6vHZz1TM0=",
        "owner": "mow44",
        "repo": "scripts",
        "rev": "04dc79ba2287cf72f7e9c6b82efd94f7cc428058",
        "type": "github"
      },
      "original": {
        "owner": "mow44",
        "ref": "main",
        "repo": "scripts",
        "type": "github"
      }
    },
    "slock": {
      "inputs": {
        "nixpkgs": [
          "nixpkgs"
        ]
      },
      "locked": {
        "lastModified": 1748011362,
        "narHash": "sha256-MmGwYAF7IxfLS+r7A1N7VRM1BtUMzk4nfuA8vwxYWxU=",
        "owner": "mow44",
        "repo": "slock",
        "rev": "228f6ee0a92fe2d4e641a41a057e52edda472998",
        "type": "github"
      },
      "original": {
        "owner": "mow44",
        "ref": "main",
        "repo": "slock",
        "type": "github"
      }
    },
    "slstatus": {
      "inputs": {
        "nixpkgs": [
          "nixpkgs"
        ]
      },
      "locked": {
        "lastModified": 1748014330,
        "narHash": "sha256-KVgYuq7TsCXOxH5e1KFgaOzm1CSk6+/7l2Z+9whPrUI=",
        "owner": "mow44",
        "repo": "slstatus",
        "rev": "fe2b9becd0f3af55a974b06bbd628a143ec73ba4",
        "type": "github"
      },
      "original": {
        "owner": "mow44",
        "ref": "main",
        "repo": "slstatus",
        "type": "github"
      }
    },
    "systems": {
      "locked": {
        "lastModified": 1681028828,
        "narHash": "sha256-Vy1rq5AaRuLzOxct8nz4T6wlgyUR7zLU309k9mBC768=",
        "owner": "nix-systems",
        "repo": "default",
        "rev": "da67096a3b9bf56a91d16901293e51ba5b49a27e",
        "type": "github"
      },
      "original": {
        "owner": "nix-systems",
        "repo": "default",
        "type": "github"
      }
    },
    "uxn11": {
      "inputs": {
        "flake-utils": [
          "flake-utils"
        ],
        "nixpkgs": [
          "nixpkgs"
        ]
      },
      "locked": {
        "lastModified": 1750150715,
        "narHash": "sha256-sYM7qpX4+/Zh15XvSKDhizz685YMGGhT3tsTEAKhWWY=",
        "owner": "mow44",
        "repo": "uxn11",
        "rev": "5f5a53504335649d544884bf9898fb8dd0d5fc70",
        "type": "github"
      },
      "original": {
        "owner": "mow44",
        "ref": "main",
        "repo": "uxn11",
        "type": "github"
      }
    }
  },
  "root": "root",
  "version": 7
}
